// !$*UTF8*$!
{
	archiveVersion = 1;
	classes = {
	};
	objectVersion = 46;
	objects = {

/* Begin PBXBuildFile section */
		0C7F04361EEA35B0007C95DD /* Kerabyte.h in Headers */ = {isa = PBXBuildFile; fileRef = 0C7F04341EEA35B0007C95DD /* Kerabyte.h */; settings = {ATTRIBUTES = (Public, ); }; };
		0C7F043D1EEA3613007C95DD /* Kerabyte.swift in Sources */ = {isa = PBXBuildFile; fileRef = 0C7F043C1EEA3613007C95DD /* Kerabyte.swift */; };
		0C7F043F1EEA36A5007C95DD /* KBRouter.swift in Sources */ = {isa = PBXBuildFile; fileRef = 0C7F043E1EEA36A5007C95DD /* KBRouter.swift */; };
		0C7F04411EEA36DF007C95DD /* KBRoute.swift in Sources */ = {isa = PBXBuildFile; fileRef = 0C7F04401EEA36DF007C95DD /* KBRoute.swift */; };
		0C7F04451EEA3778007C95DD /* KBComponent.swift in Sources */ = {isa = PBXBuildFile; fileRef = 0C7F04441EEA3778007C95DD /* KBComponent.swift */; };
		0C7F04481EEA38F7007C95DD /* UIResponder+Kerabyte.swift in Sources */ = {isa = PBXBuildFile; fileRef = 0C7F04471EEA38F7007C95DD /* UIResponder+Kerabyte.swift */; };
		0C7F044A1EEA3A33007C95DD /* KBRoutePredefined.swift in Sources */ = {isa = PBXBuildFile; fileRef = 0C7F04491EEA3A33007C95DD /* KBRoutePredefined.swift */; };
		0C7F044C1EEA3A69007C95DD /* KBObservable.swift in Sources */ = {isa = PBXBuildFile; fileRef = 0C7F044B1EEA3A69007C95DD /* KBObservable.swift */; };
		0C7F04601EEA3F17007C95DD /* AppDelegate.swift in Sources */ = {isa = PBXBuildFile; fileRef = 0C7F045F1EEA3F17007C95DD /* AppDelegate.swift */; };
		0C7F04621EEA3F17007C95DD /* ViewController.swift in Sources */ = {isa = PBXBuildFile; fileRef = 0C7F04611EEA3F17007C95DD /* ViewController.swift */; };
		0C7F04651EEA3F17007C95DD /* Main.storyboard in Resources */ = {isa = PBXBuildFile; fileRef = 0C7F04631EEA3F17007C95DD /* Main.storyboard */; };
		0C7F04671EEA3F17007C95DD /* Assets.xcassets in Resources */ = {isa = PBXBuildFile; fileRef = 0C7F04661EEA3F17007C95DD /* Assets.xcassets */; };
		0C7F046A1EEA3F17007C95DD /* LaunchScreen.storyboard in Resources */ = {isa = PBXBuildFile; fileRef = 0C7F04681EEA3F17007C95DD /* LaunchScreen.storyboard */; };
		0C7F04751EEA3F17007C95DD /* ExampleTests.swift in Sources */ = {isa = PBXBuildFile; fileRef = 0C7F04741EEA3F17007C95DD /* ExampleTests.swift */; };
		0C7F04801EEA3F18007C95DD /* ExampleUITests.swift in Sources */ = {isa = PBXBuildFile; fileRef = 0C7F047F1EEA3F18007C95DD /* ExampleUITests.swift */; };
		0C7F048D1EEA41B6007C95DD /* IndexRoute.swift in Sources */ = {isa = PBXBuildFile; fileRef = 0C7F048C1EEA41B6007C95DD /* IndexRoute.swift */; };
		0C7F04901EEA41EB007C95DD /* IndexComponent.swift in Sources */ = {isa = PBXBuildFile; fileRef = 0C7F048F1EEA41EB007C95DD /* IndexComponent.swift */; };
		0C7F04951EEA43BD007C95DD /* UIViewController+Kerabyte.swift in Sources */ = {isa = PBXBuildFile; fileRef = 0C7F04941EEA43BD007C95DD /* UIViewController+Kerabyte.swift */; };
		0C7F04961EEA447D007C95DD /* Kerabyte.framework in Frameworks */ = {isa = PBXBuildFile; fileRef = 0C7F04311EEA35B0007C95DD /* Kerabyte.framework */; };
		0C7F04971EEA447D007C95DD /* Kerabyte.framework in Embed Frameworks */ = {isa = PBXBuildFile; fileRef = 0C7F04311EEA35B0007C95DD /* Kerabyte.framework */; settings = {ATTRIBUTES = (CodeSignOnCopy, RemoveHeadersOnCopy, ); }; };
		0C8BDA781EEBA53700CE613A /* IndexTemplate.swift in Sources */ = {isa = PBXBuildFile; fileRef = 0C8BDA771EEBA53700CE613A /* IndexTemplate.swift */; };
		0C8BDA7A1EEBA63900CE613A /* IndexTemplate.xib in Resources */ = {isa = PBXBuildFile; fileRef = 0C8BDA791EEBA63900CE613A /* IndexTemplate.xib */; };
		0C8BDA801EEC2B0400CE613A /* AboutTemplate.swift in Sources */ = {isa = PBXBuildFile; fileRef = 0C8BDA7F1EEC2B0400CE613A /* AboutTemplate.swift */; };
		0C8BDA841EEC2B1C00CE613A /* PrivacyPolicyTemplate.swift in Sources */ = {isa = PBXBuildFile; fileRef = 0C8BDA831EEC2B1C00CE613A /* PrivacyPolicyTemplate.swift */; };
		0C8BDA861EEC2B2700CE613A /* TermsOfUseTemplate.swift in Sources */ = {isa = PBXBuildFile; fileRef = 0C8BDA851EEC2B2700CE613A /* TermsOfUseTemplate.swift */; };
		0C8BDA881EEC2B2F00CE613A /* TermsOfUseTemplate.xib in Resources */ = {isa = PBXBuildFile; fileRef = 0C8BDA871EEC2B2F00CE613A /* TermsOfUseTemplate.xib */; };
		0C8BDA8A1EEC2B3900CE613A /* PrivacyPolicyTemplate.xib in Resources */ = {isa = PBXBuildFile; fileRef = 0C8BDA891EEC2B3900CE613A /* PrivacyPolicyTemplate.xib */; };
		0C8BDA8C1EEC2B4100CE613A /* AboutTemplate.xib in Resources */ = {isa = PBXBuildFile; fileRef = 0C8BDA8B1EEC2B4100CE613A /* AboutTemplate.xib */; };
		0C8BDA901EEC2C0900CE613A /* AboutComponent.swift in Sources */ = {isa = PBXBuildFile; fileRef = 0C8BDA8F1EEC2C0900CE613A /* AboutComponent.swift */; };
		0C8BDA921EEC2C1200CE613A /* PrivacyPolicyComponent.swift in Sources */ = {isa = PBXBuildFile; fileRef = 0C8BDA911EEC2C1200CE613A /* PrivacyPolicyComponent.swift */; };
		0C8BDA941EEC2C1B00CE613A /* TermsOfUseComponent.swift in Sources */ = {isa = PBXBuildFile; fileRef = 0C8BDA931EEC2C1B00CE613A /* TermsOfUseComponent.swift */; };
		0C8BDA961EEC2C3000CE613A /* AboutRoute.swift in Sources */ = {isa = PBXBuildFile; fileRef = 0C8BDA951EEC2C3000CE613A /* AboutRoute.swift */; };
		0C8BDA981EEC2C3A00CE613A /* PrivacyPolicyRoute.swift in Sources */ = {isa = PBXBuildFile; fileRef = 0C8BDA971EEC2C3A00CE613A /* PrivacyPolicyRoute.swift */; };
		0C8BDA9A1EEC2C4300CE613A /* TermsOfUseRoute.swift in Sources */ = {isa = PBXBuildFile; fileRef = 0C8BDA991EEC2C4300CE613A /* TermsOfUseRoute.swift */; };
		0C8BDA9D1EEC4DC100CE613A /* README.md in Sources */ = {isa = PBXBuildFile; fileRef = 0C8BDA9C1EEC4DC100CE613A /* README.md */; };
		0CE838DE1EEC55170054A268 /* LICENSE.md in Sources */ = {isa = PBXBuildFile; fileRef = 0CE838DD1EEC55170054A268 /* LICENSE.md */; };
/* End PBXBuildFile section */

/* Begin PBXContainerItemProxy section */
		0C7F04711EEA3F17007C95DD /* PBXContainerItemProxy */ = {
			isa = PBXContainerItemProxy;
			containerPortal = 0C7F04281EEA35B0007C95DD /* Project object */;
			proxyType = 1;
			remoteGlobalIDString = 0C7F045C1EEA3F17007C95DD;
			remoteInfo = Example;
		};
		0C7F047C1EEA3F18007C95DD /* PBXContainerItemProxy */ = {
			isa = PBXContainerItemProxy;
			containerPortal = 0C7F04281EEA35B0007C95DD /* Project object */;
			proxyType = 1;
			remoteGlobalIDString = 0C7F045C1EEA3F17007C95DD;
			remoteInfo = Example;
		};
		0C7F04981EEA447D007C95DD /* PBXContainerItemProxy */ = {
			isa = PBXContainerItemProxy;
			containerPortal = 0C7F04281EEA35B0007C95DD /* Project object */;
			proxyType = 1;
			remoteGlobalIDString = 0C7F04301EEA35B0007C95DD;
			remoteInfo = Kerabyte;
		};
/* End PBXContainerItemProxy section */

/* Begin PBXCopyFilesBuildPhase section */
		0C7F049A1EEA447D007C95DD /* Embed Frameworks */ = {
			isa = PBXCopyFilesBuildPhase;
			buildActionMask = 2147483647;
			dstPath = "";
			dstSubfolderSpec = 10;
			files = (
				0C7F04971EEA447D007C95DD /* Kerabyte.framework in Embed Frameworks */,
			);
			name = "Embed Frameworks";
			runOnlyForDeploymentPostprocessing = 0;
		};
/* End PBXCopyFilesBuildPhase section */

/* Begin PBXFileReference section */
		0C7F04311EEA35B0007C95DD /* Kerabyte.framework */ = {isa = PBXFileReference; explicitFileType = wrapper.framework; includeInIndex = 0; path = Kerabyte.framework; sourceTree = BUILT_PRODUCTS_DIR; };
		0C7F04341EEA35B0007C95DD /* Kerabyte.h */ = {isa = PBXFileReference; lastKnownFileType = sourcecode.c.h; path = Kerabyte.h; sourceTree = "<group>"; };
		0C7F04351EEA35B0007C95DD /* Info.plist */ = {isa = PBXFileReference; lastKnownFileType = text.plist.xml; path = Info.plist; sourceTree = "<group>"; };
		0C7F043C1EEA3613007C95DD /* Kerabyte.swift */ = {isa = PBXFileReference; fileEncoding = 4; lastKnownFileType = sourcecode.swift; path = Kerabyte.swift; sourceTree = "<group>"; };
		0C7F043E1EEA36A5007C95DD /* KBRouter.swift */ = {isa = PBXFileReference; fileEncoding = 4; lastKnownFileType = sourcecode.swift; path = KBRouter.swift; sourceTree = "<group>"; };
		0C7F04401EEA36DF007C95DD /* KBRoute.swift */ = {isa = PBXFileReference; fileEncoding = 4; lastKnownFileType = sourcecode.swift; path = KBRoute.swift; sourceTree = "<group>"; };
		0C7F04441EEA3778007C95DD /* KBComponent.swift */ = {isa = PBXFileReference; fileEncoding = 4; lastKnownFileType = sourcecode.swift; path = KBComponent.swift; sourceTree = "<group>"; };
		0C7F04471EEA38F7007C95DD /* UIResponder+Kerabyte.swift */ = {isa = PBXFileReference; fileEncoding = 4; lastKnownFileType = sourcecode.swift; path = "UIResponder+Kerabyte.swift"; sourceTree = "<group>"; };
		0C7F04491EEA3A33007C95DD /* KBRoutePredefined.swift */ = {isa = PBXFileReference; fileEncoding = 4; lastKnownFileType = sourcecode.swift; path = KBRoutePredefined.swift; sourceTree = "<group>"; };
		0C7F044B1EEA3A69007C95DD /* KBObservable.swift */ = {isa = PBXFileReference; fileEncoding = 4; lastKnownFileType = sourcecode.swift; path = KBObservable.swift; sourceTree = "<group>"; };
		0C7F045D1EEA3F17007C95DD /* Example.app */ = {isa = PBXFileReference; explicitFileType = wrapper.application; includeInIndex = 0; path = Example.app; sourceTree = BUILT_PRODUCTS_DIR; };
		0C7F045F1EEA3F17007C95DD /* AppDelegate.swift */ = {isa = PBXFileReference; lastKnownFileType = sourcecode.swift; path = AppDelegate.swift; sourceTree = "<group>"; };
		0C7F04611EEA3F17007C95DD /* ViewController.swift */ = {isa = PBXFileReference; lastKnownFileType = sourcecode.swift; path = ViewController.swift; sourceTree = "<group>"; };
		0C7F04641EEA3F17007C95DD /* Base */ = {isa = PBXFileReference; lastKnownFileType = file.storyboard; name = Base; path = Base.lproj/Main.storyboard; sourceTree = "<group>"; };
		0C7F04661EEA3F17007C95DD /* Assets.xcassets */ = {isa = PBXFileReference; lastKnownFileType = folder.assetcatalog; path = Assets.xcassets; sourceTree = "<group>"; };
		0C7F04691EEA3F17007C95DD /* Base */ = {isa = PBXFileReference; lastKnownFileType = file.storyboard; name = Base; path = Base.lproj/LaunchScreen.storyboard; sourceTree = "<group>"; };
		0C7F046B1EEA3F17007C95DD /* Info.plist */ = {isa = PBXFileReference; lastKnownFileType = text.plist.xml; path = Info.plist; sourceTree = "<group>"; };
		0C7F04701EEA3F17007C95DD /* ExampleTests.xctest */ = {isa = PBXFileReference; explicitFileType = wrapper.cfbundle; includeInIndex = 0; path = ExampleTests.xctest; sourceTree = BUILT_PRODUCTS_DIR; };
		0C7F04741EEA3F17007C95DD /* ExampleTests.swift */ = {isa = PBXFileReference; lastKnownFileType = sourcecode.swift; path = ExampleTests.swift; sourceTree = "<group>"; };
		0C7F04761EEA3F17007C95DD /* Info.plist */ = {isa = PBXFileReference; lastKnownFileType = text.plist.xml; path = Info.plist; sourceTree = "<group>"; };
		0C7F047B1EEA3F17007C95DD /* ExampleUITests.xctest */ = {isa = PBXFileReference; explicitFileType = wrapper.cfbundle; includeInIndex = 0; path = ExampleUITests.xctest; sourceTree = BUILT_PRODUCTS_DIR; };
		0C7F047F1EEA3F18007C95DD /* ExampleUITests.swift */ = {isa = PBXFileReference; lastKnownFileType = sourcecode.swift; path = ExampleUITests.swift; sourceTree = "<group>"; };
		0C7F04811EEA3F18007C95DD /* Info.plist */ = {isa = PBXFileReference; lastKnownFileType = text.plist.xml; path = Info.plist; sourceTree = "<group>"; };
		0C7F048C1EEA41B6007C95DD /* IndexRoute.swift */ = {isa = PBXFileReference; fileEncoding = 4; lastKnownFileType = sourcecode.swift; path = IndexRoute.swift; sourceTree = "<group>"; };
		0C7F048F1EEA41EB007C95DD /* IndexComponent.swift */ = {isa = PBXFileReference; fileEncoding = 4; lastKnownFileType = sourcecode.swift; path = IndexComponent.swift; sourceTree = "<group>"; };
		0C7F04941EEA43BD007C95DD /* UIViewController+Kerabyte.swift */ = {isa = PBXFileReference; fileEncoding = 4; lastKnownFileType = sourcecode.swift; path = "UIViewController+Kerabyte.swift"; sourceTree = "<group>"; };
		0C8BDA771EEBA53700CE613A /* IndexTemplate.swift */ = {isa = PBXFileReference; fileEncoding = 4; lastKnownFileType = sourcecode.swift; path = IndexTemplate.swift; sourceTree = "<group>"; };
		0C8BDA791EEBA63900CE613A /* IndexTemplate.xib */ = {isa = PBXFileReference; fileEncoding = 4; lastKnownFileType = file.xib; path = IndexTemplate.xib; sourceTree = "<group>"; };
		0C8BDA7F1EEC2B0400CE613A /* AboutTemplate.swift */ = {isa = PBXFileReference; fileEncoding = 4; lastKnownFileType = sourcecode.swift; path = AboutTemplate.swift; sourceTree = "<group>"; };
		0C8BDA831EEC2B1C00CE613A /* PrivacyPolicyTemplate.swift */ = {isa = PBXFileReference; fileEncoding = 4; lastKnownFileType = sourcecode.swift; path = PrivacyPolicyTemplate.swift; sourceTree = "<group>"; };
		0C8BDA851EEC2B2700CE613A /* TermsOfUseTemplate.swift */ = {isa = PBXFileReference; fileEncoding = 4; lastKnownFileType = sourcecode.swift; path = TermsOfUseTemplate.swift; sourceTree = "<group>"; };
		0C8BDA871EEC2B2F00CE613A /* TermsOfUseTemplate.xib */ = {isa = PBXFileReference; fileEncoding = 4; lastKnownFileType = file.xib; path = TermsOfUseTemplate.xib; sourceTree = "<group>"; };
		0C8BDA891EEC2B3900CE613A /* PrivacyPolicyTemplate.xib */ = {isa = PBXFileReference; fileEncoding = 4; lastKnownFileType = file.xib; path = PrivacyPolicyTemplate.xib; sourceTree = "<group>"; };
		0C8BDA8B1EEC2B4100CE613A /* AboutTemplate.xib */ = {isa = PBXFileReference; fileEncoding = 4; lastKnownFileType = file.xib; path = AboutTemplate.xib; sourceTree = "<group>"; };
		0C8BDA8F1EEC2C0900CE613A /* AboutComponent.swift */ = {isa = PBXFileReference; fileEncoding = 4; lastKnownFileType = sourcecode.swift; path = AboutComponent.swift; sourceTree = "<group>"; };
		0C8BDA911EEC2C1200CE613A /* PrivacyPolicyComponent.swift */ = {isa = PBXFileReference; fileEncoding = 4; lastKnownFileType = sourcecode.swift; path = PrivacyPolicyComponent.swift; sourceTree = "<group>"; };
		0C8BDA931EEC2C1B00CE613A /* TermsOfUseComponent.swift */ = {isa = PBXFileReference; fileEncoding = 4; lastKnownFileType = sourcecode.swift; path = TermsOfUseComponent.swift; sourceTree = "<group>"; };
		0C8BDA951EEC2C3000CE613A /* AboutRoute.swift */ = {isa = PBXFileReference; fileEncoding = 4; lastKnownFileType = sourcecode.swift; path = AboutRoute.swift; sourceTree = "<group>"; };
		0C8BDA971EEC2C3A00CE613A /* PrivacyPolicyRoute.swift */ = {isa = PBXFileReference; fileEncoding = 4; lastKnownFileType = sourcecode.swift; path = PrivacyPolicyRoute.swift; sourceTree = "<group>"; };
		0C8BDA991EEC2C4300CE613A /* TermsOfUseRoute.swift */ = {isa = PBXFileReference; fileEncoding = 4; lastKnownFileType = sourcecode.swift; path = TermsOfUseRoute.swift; sourceTree = "<group>"; };
		0C8BDA9C1EEC4DC100CE613A /* README.md */ = {isa = PBXFileReference; fileEncoding = 4; lastKnownFileType = net.daringfireball.markdown; path = README.md; sourceTree = "<group>"; };
		0CE838DD1EEC55170054A268 /* LICENSE.md */ = {isa = PBXFileReference; fileEncoding = 4; lastKnownFileType = net.daringfireball.markdown; path = LICENSE.md; sourceTree = "<group>"; };
/* End PBXFileReference section */

/* Begin PBXFrameworksBuildPhase section */
		0C7F042D1EEA35B0007C95DD /* Frameworks */ = {
			isa = PBXFrameworksBuildPhase;
			buildActionMask = 2147483647;
			files = (
			);
			runOnlyForDeploymentPostprocessing = 0;
		};
		0C7F045A1EEA3F17007C95DD /* Frameworks */ = {
			isa = PBXFrameworksBuildPhase;
			buildActionMask = 2147483647;
			files = (
				0C7F04961EEA447D007C95DD /* Kerabyte.framework in Frameworks */,
			);
			runOnlyForDeploymentPostprocessing = 0;
		};
		0C7F046D1EEA3F17007C95DD /* Frameworks */ = {
			isa = PBXFrameworksBuildPhase;
			buildActionMask = 2147483647;
			files = (
			);
			runOnlyForDeploymentPostprocessing = 0;
		};
		0C7F04781EEA3F17007C95DD /* Frameworks */ = {
			isa = PBXFrameworksBuildPhase;
			buildActionMask = 2147483647;
			files = (
			);
			runOnlyForDeploymentPostprocessing = 0;
		};
/* End PBXFrameworksBuildPhase section */

/* Begin PBXGroup section */
		0C7F04271EEA35B0007C95DD = {
			isa = PBXGroup;
			children = (
				0C8BDA9B1EEC4DB600CE613A /* Meta */,
				0C7F04331EEA35B0007C95DD /* Kerabyte */,
				0C7F045E1EEA3F17007C95DD /* Example */,
				0C7F04731EEA3F17007C95DD /* ExampleTests */,
				0C7F047E1EEA3F18007C95DD /* ExampleUITests */,
				0C7F04321EEA35B0007C95DD /* Products */,
			);
			sourceTree = "<group>";
		};
		0C7F04321EEA35B0007C95DD /* Products */ = {
			isa = PBXGroup;
			children = (
				0C7F04311EEA35B0007C95DD /* Kerabyte.framework */,
				0C7F045D1EEA3F17007C95DD /* Example.app */,
				0C7F04701EEA3F17007C95DD /* ExampleTests.xctest */,
				0C7F047B1EEA3F17007C95DD /* ExampleUITests.xctest */,
			);
			name = Products;
			sourceTree = "<group>";
		};
		0C7F04331EEA35B0007C95DD /* Kerabyte */ = {
			isa = PBXGroup;
			children = (
				0C7F04461EEA38E2007C95DD /* Extensions */,
				0C7F04351EEA35B0007C95DD /* Info.plist */,
				0C7F04441EEA3778007C95DD /* KBComponent.swift */,
				0C7F04401EEA36DF007C95DD /* KBRoute.swift */,
				0C7F04491EEA3A33007C95DD /* KBRoutePredefined.swift */,
				0C7F043E1EEA36A5007C95DD /* KBRouter.swift */,
				0C7F04341EEA35B0007C95DD /* Kerabyte.h */,
				0C7F043C1EEA3613007C95DD /* Kerabyte.swift */,
				0C7F044B1EEA3A69007C95DD /* KBObservable.swift */,
			);
			path = Kerabyte;
			sourceTree = "<group>";
		};
		0C7F04461EEA38E2007C95DD /* Extensions */ = {
			isa = PBXGroup;
			children = (
				0C7F04471EEA38F7007C95DD /* UIResponder+Kerabyte.swift */,
				0C7F04941EEA43BD007C95DD /* UIViewController+Kerabyte.swift */,
			);
			path = Extensions;
			sourceTree = "<group>";
		};
		0C7F045E1EEA3F17007C95DD /* Example */ = {
			isa = PBXGroup;
			children = (
				0C7F048E1EEA41E2007C95DD /* Components */,
				0C7F048B1EEA41AB007C95DD /* Routes */,
				0C7F04911EEA4208007C95DD /* Templates */,
				0C7F045F1EEA3F17007C95DD /* AppDelegate.swift */,
				0C7F04661EEA3F17007C95DD /* Assets.xcassets */,
				0C7F046B1EEA3F17007C95DD /* Info.plist */,
				0C7F04681EEA3F17007C95DD /* LaunchScreen.storyboard */,
				0C7F04631EEA3F17007C95DD /* Main.storyboard */,
				0C7F04611EEA3F17007C95DD /* ViewController.swift */,
			);
			path = Example;
			sourceTree = "<group>";
		};
		0C7F04731EEA3F17007C95DD /* ExampleTests */ = {
			isa = PBXGroup;
			children = (
				0C7F04741EEA3F17007C95DD /* ExampleTests.swift */,
				0C7F04761EEA3F17007C95DD /* Info.plist */,
			);
			path = ExampleTests;
			sourceTree = "<group>";
		};
		0C7F047E1EEA3F18007C95DD /* ExampleUITests */ = {
			isa = PBXGroup;
			children = (
				0C7F047F1EEA3F18007C95DD /* ExampleUITests.swift */,
				0C7F04811EEA3F18007C95DD /* Info.plist */,
			);
			path = ExampleUITests;
			sourceTree = "<group>";
		};
		0C7F048B1EEA41AB007C95DD /* Routes */ = {
			isa = PBXGroup;
			children = (
				0C8BDA8E1EEC2BF500CE613A /* Public */,
				0C7F048C1EEA41B6007C95DD /* IndexRoute.swift */,
			);
			path = Routes;
			sourceTree = "<group>";
		};
		0C7F048E1EEA41E2007C95DD /* Components */ = {
			isa = PBXGroup;
			children = (
				0C8BDA8D1EEC2BF000CE613A /* Public */,
				0C7F048F1EEA41EB007C95DD /* IndexComponent.swift */,
			);
			path = Components;
			sourceTree = "<group>";
		};
		0C7F04911EEA4208007C95DD /* Templates */ = {
			isa = PBXGroup;
			children = (
				0C8BDA7B1EEBA78200CE613A /* Public */,
				0C8BDA761EEBA53700CE613A /* Index */,
			);
			path = Templates;
			sourceTree = "<group>";
		};
		0C8BDA761EEBA53700CE613A /* Index */ = {
			isa = PBXGroup;
			children = (
				0C8BDA771EEBA53700CE613A /* IndexTemplate.swift */,
				0C8BDA791EEBA63900CE613A /* IndexTemplate.xib */,
			);
			path = Index;
			sourceTree = "<group>";
		};
		0C8BDA7B1EEBA78200CE613A /* Public */ = {
			isa = PBXGroup;
			children = (
				0C8BDA7C1EEBA78200CE613A /* About */,
				0C8BDA7D1EEBA78200CE613A /* PrivacyPolicy */,
				0C8BDA7E1EEBA78200CE613A /* TermsOfUse */,
			);
			path = Public;
			sourceTree = "<group>";
		};
		0C8BDA7C1EEBA78200CE613A /* About */ = {
			isa = PBXGroup;
			children = (
				0C8BDA7F1EEC2B0400CE613A /* AboutTemplate.swift */,
				0C8BDA8B1EEC2B4100CE613A /* AboutTemplate.xib */,
			);
			path = About;
			sourceTree = "<group>";
		};
		0C8BDA7D1EEBA78200CE613A /* PrivacyPolicy */ = {
			isa = PBXGroup;
			children = (
				0C8BDA831EEC2B1C00CE613A /* PrivacyPolicyTemplate.swift */,
				0C8BDA891EEC2B3900CE613A /* PrivacyPolicyTemplate.xib */,
			);
			path = PrivacyPolicy;
			sourceTree = "<group>";
		};
		0C8BDA7E1EEBA78200CE613A /* TermsOfUse */ = {
			isa = PBXGroup;
			children = (
				0C8BDA851EEC2B2700CE613A /* TermsOfUseTemplate.swift */,
				0C8BDA871EEC2B2F00CE613A /* TermsOfUseTemplate.xib */,
			);
			path = TermsOfUse;
			sourceTree = "<group>";
		};
		0C8BDA8D1EEC2BF000CE613A /* Public */ = {
			isa = PBXGroup;
			children = (
				0C8BDA8F1EEC2C0900CE613A /* AboutComponent.swift */,
				0C8BDA911EEC2C1200CE613A /* PrivacyPolicyComponent.swift */,
				0C8BDA931EEC2C1B00CE613A /* TermsOfUseComponent.swift */,
			);
			path = Public;
			sourceTree = "<group>";
		};
		0C8BDA8E1EEC2BF500CE613A /* Public */ = {
			isa = PBXGroup;
			children = (
				0C8BDA951EEC2C3000CE613A /* AboutRoute.swift */,
				0C8BDA971EEC2C3A00CE613A /* PrivacyPolicyRoute.swift */,
				0C8BDA991EEC2C4300CE613A /* TermsOfUseRoute.swift */,
			);
			path = Public;
			sourceTree = "<group>";
		};
		0C8BDA9B1EEC4DB600CE613A /* Meta */ = {
			isa = PBXGroup;
			children = (
				0CE838DD1EEC55170054A268 /* LICENSE.md */,
				0C8BDA9C1EEC4DC100CE613A /* README.md */,
			);
			name = Meta;
			sourceTree = "<group>";
		};
/* End PBXGroup section */

/* Begin PBXHeadersBuildPhase section */
		0C7F042E1EEA35B0007C95DD /* Headers */ = {
			isa = PBXHeadersBuildPhase;
			buildActionMask = 2147483647;
			files = (
				0C7F04361EEA35B0007C95DD /* Kerabyte.h in Headers */,
			);
			runOnlyForDeploymentPostprocessing = 0;
		};
/* End PBXHeadersBuildPhase section */

/* Begin PBXNativeTarget section */
		0C7F04301EEA35B0007C95DD /* Kerabyte */ = {
			isa = PBXNativeTarget;
			buildConfigurationList = 0C7F04391EEA35B0007C95DD /* Build configuration list for PBXNativeTarget "Kerabyte" */;
			buildPhases = (
				0C7F042C1EEA35B0007C95DD /* Sources */,
				0C7F042D1EEA35B0007C95DD /* Frameworks */,
				0C7F042E1EEA35B0007C95DD /* Headers */,
				0C7F042F1EEA35B0007C95DD /* Resources */,
			);
			buildRules = (
			);
			dependencies = (
			);
			name = Kerabyte;
			productName = Kerabyte;
			productReference = 0C7F04311EEA35B0007C95DD /* Kerabyte.framework */;
			productType = "com.apple.product-type.framework";
		};
		0C7F045C1EEA3F17007C95DD /* Example */ = {
			isa = PBXNativeTarget;
			buildConfigurationList = 0C7F04881EEA3F18007C95DD /* Build configuration list for PBXNativeTarget "Example" */;
			buildPhases = (
				0C7F04591EEA3F17007C95DD /* Sources */,
				0C7F045A1EEA3F17007C95DD /* Frameworks */,
				0C7F045B1EEA3F17007C95DD /* Resources */,
				0C7F049A1EEA447D007C95DD /* Embed Frameworks */,
			);
			buildRules = (
			);
			dependencies = (
				0C7F04991EEA447D007C95DD /* PBXTargetDependency */,
			);
			name = Example;
			productName = Example;
			productReference = 0C7F045D1EEA3F17007C95DD /* Example.app */;
			productType = "com.apple.product-type.application";
		};
		0C7F046F1EEA3F17007C95DD /* ExampleTests */ = {
			isa = PBXNativeTarget;
			buildConfigurationList = 0C7F04891EEA3F18007C95DD /* Build configuration list for PBXNativeTarget "ExampleTests" */;
			buildPhases = (
				0C7F046C1EEA3F17007C95DD /* Sources */,
				0C7F046D1EEA3F17007C95DD /* Frameworks */,
				0C7F046E1EEA3F17007C95DD /* Resources */,
			);
			buildRules = (
			);
			dependencies = (
				0C7F04721EEA3F17007C95DD /* PBXTargetDependency */,
			);
			name = ExampleTests;
			productName = ExampleTests;
			productReference = 0C7F04701EEA3F17007C95DD /* ExampleTests.xctest */;
			productType = "com.apple.product-type.bundle.unit-test";
		};
		0C7F047A1EEA3F17007C95DD /* ExampleUITests */ = {
			isa = PBXNativeTarget;
			buildConfigurationList = 0C7F048A1EEA3F18007C95DD /* Build configuration list for PBXNativeTarget "ExampleUITests" */;
			buildPhases = (
				0C7F04771EEA3F17007C95DD /* Sources */,
				0C7F04781EEA3F17007C95DD /* Frameworks */,
				0C7F04791EEA3F17007C95DD /* Resources */,
			);
			buildRules = (
			);
			dependencies = (
				0C7F047D1EEA3F18007C95DD /* PBXTargetDependency */,
			);
			name = ExampleUITests;
			productName = ExampleUITests;
			productReference = 0C7F047B1EEA3F17007C95DD /* ExampleUITests.xctest */;
			productType = "com.apple.product-type.bundle.ui-testing";
		};
/* End PBXNativeTarget section */

/* Begin PBXProject section */
		0C7F04281EEA35B0007C95DD /* Project object */ = {
			isa = PBXProject;
			attributes = {
				LastSwiftUpdateCheck = 0830;
				LastUpgradeCheck = 0830;
				ORGANIZATIONNAME = "Oscar Fuentes";
				TargetAttributes = {
					0C7F04301EEA35B0007C95DD = {
						CreatedOnToolsVersion = 8.3.2;
						DevelopmentTeam = 6A7WG7H72G;
						LastSwiftMigration = 0830;
						ProvisioningStyle = Automatic;
					};
					0C7F045C1EEA3F17007C95DD = {
						CreatedOnToolsVersion = 8.3.2;
						DevelopmentTeam = 6A7WG7H72G;
						ProvisioningStyle = Automatic;
					};
					0C7F046F1EEA3F17007C95DD = {
						CreatedOnToolsVersion = 8.3.2;
						DevelopmentTeam = 6A7WG7H72G;
						ProvisioningStyle = Automatic;
						TestTargetID = 0C7F045C1EEA3F17007C95DD;
					};
					0C7F047A1EEA3F17007C95DD = {
						CreatedOnToolsVersion = 8.3.2;
						DevelopmentTeam = 6A7WG7H72G;
						ProvisioningStyle = Automatic;
						TestTargetID = 0C7F045C1EEA3F17007C95DD;
					};
				};
			};
			buildConfigurationList = 0C7F042B1EEA35B0007C95DD /* Build configuration list for PBXProject "Kerabyte" */;
			compatibilityVersion = "Xcode 3.2";
			developmentRegion = English;
			hasScannedForEncodings = 0;
			knownRegions = (
				en,
				Base,
			);
			mainGroup = 0C7F04271EEA35B0007C95DD;
			productRefGroup = 0C7F04321EEA35B0007C95DD /* Products */;
			projectDirPath = "";
			projectRoot = "";
			targets = (
				0C7F04301EEA35B0007C95DD /* Kerabyte */,
				0C7F045C1EEA3F17007C95DD /* Example */,
				0C7F046F1EEA3F17007C95DD /* ExampleTests */,
				0C7F047A1EEA3F17007C95DD /* ExampleUITests */,
			);
		};
/* End PBXProject section */

/* Begin PBXResourcesBuildPhase section */
		0C7F042F1EEA35B0007C95DD /* Resources */ = {
			isa = PBXResourcesBuildPhase;
			buildActionMask = 2147483647;
			files = (
			);
			runOnlyForDeploymentPostprocessing = 0;
		};
		0C7F045B1EEA3F17007C95DD /* Resources */ = {
			isa = PBXResourcesBuildPhase;
			buildActionMask = 2147483647;
			files = (
				0C8BDA8C1EEC2B4100CE613A /* AboutTemplate.xib in Resources */,
				0C7F046A1EEA3F17007C95DD /* LaunchScreen.storyboard in Resources */,
				0C8BDA881EEC2B2F00CE613A /* TermsOfUseTemplate.xib in Resources */,
				0C8BDA8A1EEC2B3900CE613A /* PrivacyPolicyTemplate.xib in Resources */,
				0C7F04671EEA3F17007C95DD /* Assets.xcassets in Resources */,
				0C8BDA7A1EEBA63900CE613A /* IndexTemplate.xib in Resources */,
				0C7F04651EEA3F17007C95DD /* Main.storyboard in Resources */,
			);
			runOnlyForDeploymentPostprocessing = 0;
		};
		0C7F046E1EEA3F17007C95DD /* Resources */ = {
			isa = PBXResourcesBuildPhase;
			buildActionMask = 2147483647;
			files = (
			);
			runOnlyForDeploymentPostprocessing = 0;
		};
		0C7F04791EEA3F17007C95DD /* Resources */ = {
			isa = PBXResourcesBuildPhase;
			buildActionMask = 2147483647;
			files = (
			);
			runOnlyForDeploymentPostprocessing = 0;
		};
/* End PBXResourcesBuildPhase section */

/* Begin PBXSourcesBuildPhase section */
		0C7F042C1EEA35B0007C95DD /* Sources */ = {
			isa = PBXSourcesBuildPhase;
			buildActionMask = 2147483647;
			files = (
				0C7F043D1EEA3613007C95DD /* Kerabyte.swift in Sources */,
				0CE838DE1EEC55170054A268 /* LICENSE.md in Sources */,
				0C7F04481EEA38F7007C95DD /* UIResponder+Kerabyte.swift in Sources */,
				0C7F04411EEA36DF007C95DD /* KBRoute.swift in Sources */,
				0C7F044A1EEA3A33007C95DD /* KBRoutePredefined.swift in Sources */,
				0C7F04451EEA3778007C95DD /* KBComponent.swift in Sources */,
				0C7F043F1EEA36A5007C95DD /* KBRouter.swift in Sources */,
				0C7F04951EEA43BD007C95DD /* UIViewController+Kerabyte.swift in Sources */,
				0C7F044C1EEA3A69007C95DD /* KBObservable.swift in Sources */,
			);
			runOnlyForDeploymentPostprocessing = 0;
		};
		0C7F04591EEA3F17007C95DD /* Sources */ = {
			isa = PBXSourcesBuildPhase;
			buildActionMask = 2147483647;
			files = (
				0C7F04621EEA3F17007C95DD /* ViewController.swift in Sources */,
				0C8BDA801EEC2B0400CE613A /* AboutTemplate.swift in Sources */,
				0C8BDA9A1EEC2C4300CE613A /* TermsOfUseRoute.swift in Sources */,
				0C8BDA921EEC2C1200CE613A /* PrivacyPolicyComponent.swift in Sources */,
				0C7F04601EEA3F17007C95DD /* AppDelegate.swift in Sources */,
				0C7F04901EEA41EB007C95DD /* IndexComponent.swift in Sources */,
				0C8BDA961EEC2C3000CE613A /* AboutRoute.swift in Sources */,
				0C8BDA861EEC2B2700CE613A /* TermsOfUseTemplate.swift in Sources */,
				0C8BDA901EEC2C0900CE613A /* AboutComponent.swift in Sources */,
				0C8BDA781EEBA53700CE613A /* IndexTemplate.swift in Sources */,
				0C8BDA981EEC2C3A00CE613A /* PrivacyPolicyRoute.swift in Sources */,
				0C8BDA941EEC2C1B00CE613A /* TermsOfUseComponent.swift in Sources */,
				0C8BDA9D1EEC4DC100CE613A /* README.md in Sources */,
				0C8BDA841EEC2B1C00CE613A /* PrivacyPolicyTemplate.swift in Sources */,
				0C7F048D1EEA41B6007C95DD /* IndexRoute.swift in Sources */,
			);
			runOnlyForDeploymentPostprocessing = 0;
		};
		0C7F046C1EEA3F17007C95DD /* Sources */ = {
			isa = PBXSourcesBuildPhase;
			buildActionMask = 2147483647;
			files = (
				0C7F04751EEA3F17007C95DD /* ExampleTests.swift in Sources */,
			);
			runOnlyForDeploymentPostprocessing = 0;
		};
		0C7F04771EEA3F17007C95DD /* Sources */ = {
			isa = PBXSourcesBuildPhase;
			buildActionMask = 2147483647;
			files = (
				0C7F04801EEA3F18007C95DD /* ExampleUITests.swift in Sources */,
			);
			runOnlyForDeploymentPostprocessing = 0;
		};
/* End PBXSourcesBuildPhase section */

/* Begin PBXTargetDependency section */
		0C7F04721EEA3F17007C95DD /* PBXTargetDependency */ = {
			isa = PBXTargetDependency;
			target = 0C7F045C1EEA3F17007C95DD /* Example */;
			targetProxy = 0C7F04711EEA3F17007C95DD /* PBXContainerItemProxy */;
		};
		0C7F047D1EEA3F18007C95DD /* PBXTargetDependency */ = {
			isa = PBXTargetDependency;
			target = 0C7F045C1EEA3F17007C95DD /* Example */;
			targetProxy = 0C7F047C1EEA3F18007C95DD /* PBXContainerItemProxy */;
		};
		0C7F04991EEA447D007C95DD /* PBXTargetDependency */ = {
			isa = PBXTargetDependency;
			target = 0C7F04301EEA35B0007C95DD /* Kerabyte */;
			targetProxy = 0C7F04981EEA447D007C95DD /* PBXContainerItemProxy */;
		};
/* End PBXTargetDependency section */

/* Begin PBXVariantGroup section */
		0C7F04631EEA3F17007C95DD /* Main.storyboard */ = {
			isa = PBXVariantGroup;
			children = (
				0C7F04641EEA3F17007C95DD /* Base */,
			);
			name = Main.storyboard;
			sourceTree = "<group>";
		};
		0C7F04681EEA3F17007C95DD /* LaunchScreen.storyboard */ = {
			isa = PBXVariantGroup;
			children = (
				0C7F04691EEA3F17007C95DD /* Base */,
			);
			name = LaunchScreen.storyboard;
			sourceTree = "<group>";
		};
/* End PBXVariantGroup section */

/* Begin XCBuildConfiguration section */
		0C7F04371EEA35B0007C95DD /* Debug */ = {
			isa = XCBuildConfiguration;
			buildSettings = {
				ALWAYS_SEARCH_USER_PATHS = NO;
				CLANG_ANALYZER_NONNULL = YES;
				CLANG_ANALYZER_NUMBER_OBJECT_CONVERSION = YES_AGGRESSIVE;
				CLANG_CXX_LANGUAGE_STANDARD = "gnu++0x";
				CLANG_CXX_LIBRARY = "libc++";
				CLANG_ENABLE_MODULES = YES;
				CLANG_ENABLE_OBJC_ARC = YES;
				CLANG_WARN_BOOL_CONVERSION = YES;
				CLANG_WARN_CONSTANT_CONVERSION = YES;
				CLANG_WARN_DIRECT_OBJC_ISA_USAGE = YES_ERROR;
				CLANG_WARN_DOCUMENTATION_COMMENTS = YES;
				CLANG_WARN_EMPTY_BODY = YES;
				CLANG_WARN_ENUM_CONVERSION = YES;
				CLANG_WARN_INFINITE_RECURSION = YES;
				CLANG_WARN_INT_CONVERSION = YES;
				CLANG_WARN_OBJC_ROOT_CLASS = YES_ERROR;
				CLANG_WARN_SUSPICIOUS_MOVE = YES;
				CLANG_WARN_UNREACHABLE_CODE = YES;
				CLANG_WARN__DUPLICATE_METHOD_MATCH = YES;
				"CODE_SIGN_IDENTITY[sdk=iphoneos*]" = "iPhone Developer";
				COPY_PHASE_STRIP = NO;
				CURRENT_PROJECT_VERSION = 1;
				DEBUG_INFORMATION_FORMAT = dwarf;
				ENABLE_STRICT_OBJC_MSGSEND = YES;
				ENABLE_TESTABILITY = YES;
				GCC_C_LANGUAGE_STANDARD = gnu99;
				GCC_DYNAMIC_NO_PIC = NO;
				GCC_NO_COMMON_BLOCKS = YES;
				GCC_OPTIMIZATION_LEVEL = 0;
				GCC_PREPROCESSOR_DEFINITIONS = (
					"DEBUG=1",
					"$(inherited)",
				);
				GCC_WARN_64_TO_32_BIT_CONVERSION = YES;
				GCC_WARN_ABOUT_RETURN_TYPE = YES_ERROR;
				GCC_WARN_UNDECLARED_SELECTOR = YES;
				GCC_WARN_UNINITIALIZED_AUTOS = YES_AGGRESSIVE;
				GCC_WARN_UNUSED_FUNCTION = YES;
				GCC_WARN_UNUSED_VARIABLE = YES;
				IPHONEOS_DEPLOYMENT_TARGET = 10.3;
				MTL_ENABLE_DEBUG_INFO = YES;
				ONLY_ACTIVE_ARCH = YES;
				SDKROOT = iphoneos;
				SWIFT_ACTIVE_COMPILATION_CONDITIONS = DEBUG;
				SWIFT_OPTIMIZATION_LEVEL = "-Onone";
				TARGETED_DEVICE_FAMILY = "1,2";
				VERSIONING_SYSTEM = "apple-generic";
				VERSION_INFO_PREFIX = "";
			};
			name = Debug;
		};
		0C7F04381EEA35B0007C95DD /* Release */ = {
			isa = XCBuildConfiguration;
			buildSettings = {
				ALWAYS_SEARCH_USER_PATHS = NO;
				CLANG_ANALYZER_NONNULL = YES;
				CLANG_ANALYZER_NUMBER_OBJECT_CONVERSION = YES_AGGRESSIVE;
				CLANG_CXX_LANGUAGE_STANDARD = "gnu++0x";
				CLANG_CXX_LIBRARY = "libc++";
				CLANG_ENABLE_MODULES = YES;
				CLANG_ENABLE_OBJC_ARC = YES;
				CLANG_WARN_BOOL_CONVERSION = YES;
				CLANG_WARN_CONSTANT_CONVERSION = YES;
				CLANG_WARN_DIRECT_OBJC_ISA_USAGE = YES_ERROR;
				CLANG_WARN_DOCUMENTATION_COMMENTS = YES;
				CLANG_WARN_EMPTY_BODY = YES;
				CLANG_WARN_ENUM_CONVERSION = YES;
				CLANG_WARN_INFINITE_RECURSION = YES;
				CLANG_WARN_INT_CONVERSION = YES;
				CLANG_WARN_OBJC_ROOT_CLASS = YES_ERROR;
				CLANG_WARN_SUSPICIOUS_MOVE = YES;
				CLANG_WARN_UNREACHABLE_CODE = YES;
				CLANG_WARN__DUPLICATE_METHOD_MATCH = YES;
				"CODE_SIGN_IDENTITY[sdk=iphoneos*]" = "iPhone Developer";
				COPY_PHASE_STRIP = NO;
				CURRENT_PROJECT_VERSION = 1;
				DEBUG_INFORMATION_FORMAT = "dwarf-with-dsym";
				ENABLE_NS_ASSERTIONS = NO;
				ENABLE_STRICT_OBJC_MSGSEND = YES;
				GCC_C_LANGUAGE_STANDARD = gnu99;
				GCC_NO_COMMON_BLOCKS = YES;
				GCC_WARN_64_TO_32_BIT_CONVERSION = YES;
				GCC_WARN_ABOUT_RETURN_TYPE = YES_ERROR;
				GCC_WARN_UNDECLARED_SELECTOR = YES;
				GCC_WARN_UNINITIALIZED_AUTOS = YES_AGGRESSIVE;
				GCC_WARN_UNUSED_FUNCTION = YES;
				GCC_WARN_UNUSED_VARIABLE = YES;
				IPHONEOS_DEPLOYMENT_TARGET = 10.3;
				MTL_ENABLE_DEBUG_INFO = NO;
				SDKROOT = iphoneos;
				SWIFT_OPTIMIZATION_LEVEL = "-Owholemodule";
				TARGETED_DEVICE_FAMILY = "1,2";
				VALIDATE_PRODUCT = YES;
				VERSIONING_SYSTEM = "apple-generic";
				VERSION_INFO_PREFIX = "";
			};
			name = Release;
		};
		0C7F043A1EEA35B0007C95DD /* Debug */ = {
			isa = XCBuildConfiguration;
			buildSettings = {
				APPLICATION_EXTENSION_API_ONLY = NO;
				CLANG_ENABLE_MODULES = YES;
				CODE_SIGN_IDENTITY = "";
				DEFINES_MODULE = YES;
				DEVELOPMENT_TEAM = 6A7WG7H72G;
				DYLIB_COMPATIBILITY_VERSION = 1;
				DYLIB_CURRENT_VERSION = 1;
				DYLIB_INSTALL_NAME_BASE = "@rpath";
				INFOPLIST_FILE = Kerabyte/Info.plist;
				INSTALL_PATH = "$(LOCAL_LIBRARY_DIR)/Frameworks";
				IPHONEOS_DEPLOYMENT_TARGET = 10.0;
				LD_RUNPATH_SEARCH_PATHS = "$(inherited) @executable_path/Frameworks @loader_path/Frameworks";
				PRODUCT_BUNDLE_IDENTIFIER = oscarfuentes.Kerabyte;
				PRODUCT_NAME = "$(TARGET_NAME)";
				SKIP_INSTALL = YES;
				SWIFT_OPTIMIZATION_LEVEL = "-Onone";
				SWIFT_VERSION = 3.0;
			};
			name = Debug;
		};
		0C7F043B1EEA35B0007C95DD /* Release */ = {
			isa = XCBuildConfiguration;
			buildSettings = {
				APPLICATION_EXTENSION_API_ONLY = NO;
				CLANG_ENABLE_MODULES = YES;
				CODE_SIGN_IDENTITY = "";
				DEFINES_MODULE = YES;
				DEVELOPMENT_TEAM = 6A7WG7H72G;
				DYLIB_COMPATIBILITY_VERSION = 1;
				DYLIB_CURRENT_VERSION = 1;
				DYLIB_INSTALL_NAME_BASE = "@rpath";
				INFOPLIST_FILE = Kerabyte/Info.plist;
				INSTALL_PATH = "$(LOCAL_LIBRARY_DIR)/Frameworks";
				IPHONEOS_DEPLOYMENT_TARGET = 10.0;
				LD_RUNPATH_SEARCH_PATHS = "$(inherited) @executable_path/Frameworks @loader_path/Frameworks";
				PRODUCT_BUNDLE_IDENTIFIER = oscarfuentes.Kerabyte;
				PRODUCT_NAME = "$(TARGET_NAME)";
				SKIP_INSTALL = YES;
				SWIFT_VERSION = 3.0;
			};
			name = Release;
		};
		0C7F04821EEA3F18007C95DD /* Debug */ = {
			isa = XCBuildConfiguration;
			buildSettings = {
				ALWAYS_EMBED_SWIFT_STANDARD_LIBRARIES = YES;
				ASSETCATALOG_COMPILER_APPICON_NAME = AppIcon;
				DEVELOPMENT_TEAM = 6A7WG7H72G;
				INFOPLIST_FILE = Example/Info.plist;
				LD_RUNPATH_SEARCH_PATHS = "$(inherited) @executable_path/Frameworks";
				PRODUCT_BUNDLE_IDENTIFIER = oscarfuentes.Example;
				PRODUCT_NAME = "$(TARGET_NAME)";
				SWIFT_VERSION = 3.0;
			};
			name = Debug;
		};
		0C7F04831EEA3F18007C95DD /* Release */ = {
			isa = XCBuildConfiguration;
			buildSettings = {
				ALWAYS_EMBED_SWIFT_STANDARD_LIBRARIES = YES;
				ASSETCATALOG_COMPILER_APPICON_NAME = AppIcon;
				DEVELOPMENT_TEAM = 6A7WG7H72G;
				INFOPLIST_FILE = Example/Info.plist;
				LD_RUNPATH_SEARCH_PATHS = "$(inherited) @executable_path/Frameworks";
				PRODUCT_BUNDLE_IDENTIFIER = oscarfuentes.Example;
				PRODUCT_NAME = "$(TARGET_NAME)";
				SWIFT_VERSION = 3.0;
			};
			name = Release;
		};
		0C7F04841EEA3F18007C95DD /* Debug */ = {
			isa = XCBuildConfiguration;
			buildSettings = {
				ALWAYS_EMBED_SWIFT_STANDARD_LIBRARIES = YES;
				BUNDLE_LOADER = "$(TEST_HOST)";
				DEVELOPMENT_TEAM = 6A7WG7H72G;
				INFOPLIST_FILE = ExampleTests/Info.plist;
				LD_RUNPATH_SEARCH_PATHS = "$(inherited) @executable_path/Frameworks @loader_path/Frameworks";
				PRODUCT_BUNDLE_IDENTIFIER = oscarfuentes.ExampleTests;
				PRODUCT_NAME = "$(TARGET_NAME)";
				SWIFT_VERSION = 3.0;
				TEST_HOST = "$(BUILT_PRODUCTS_DIR)/Example.app/Example";
			};
			name = Debug;
		};
		0C7F04851EEA3F18007C95DD /* Release */ = {
			isa = XCBuildConfiguration;
			buildSettings = {
				ALWAYS_EMBED_SWIFT_STANDARD_LIBRARIES = YES;
				BUNDLE_LOADER = "$(TEST_HOST)";
				DEVELOPMENT_TEAM = 6A7WG7H72G;
				INFOPLIST_FILE = ExampleTests/Info.plist;
				LD_RUNPATH_SEARCH_PATHS = "$(inherited) @executable_path/Frameworks @loader_path/Frameworks";
				PRODUCT_BUNDLE_IDENTIFIER = oscarfuentes.ExampleTests;
				PRODUCT_NAME = "$(TARGET_NAME)";
				SWIFT_VERSION = 3.0;
				TEST_HOST = "$(BUILT_PRODUCTS_DIR)/Example.app/Example";
			};
			name = Release;
		};
		0C7F04861EEA3F18007C95DD /* Debug */ = {
			isa = XCBuildConfiguration;
			buildSettings = {
				ALWAYS_EMBED_SWIFT_STANDARD_LIBRARIES = YES;
				DEVELOPMENT_TEAM = 6A7WG7H72G;
				INFOPLIST_FILE = ExampleUITests/Info.plist;
				LD_RUNPATH_SEARCH_PATHS = "$(inherited) @executable_path/Frameworks @loader_path/Frameworks";
				PRODUCT_BUNDLE_IDENTIFIER = oscarfuentes.ExampleUITests;
				PRODUCT_NAME = "$(TARGET_NAME)";
				SWIFT_VERSION = 3.0;
				TEST_TARGET_NAME = Example;
			};
			name = Debug;
		};
		0C7F04871EEA3F18007C95DD /* Release */ = {
			isa = XCBuildConfiguration;
			buildSettings = {
				ALWAYS_EMBED_SWIFT_STANDARD_LIBRARIES = YES;
				DEVELOPMENT_TEAM = 6A7WG7H72G;
				INFOPLIST_FILE = ExampleUITests/Info.plist;
				LD_RUNPATH_SEARCH_PATHS = "$(inherited) @executable_path/Frameworks @loader_path/Frameworks";
				PRODUCT_BUNDLE_IDENTIFIER = oscarfuentes.ExampleUITests;
				PRODUCT_NAME = "$(TARGET_NAME)";
				SWIFT_VERSION = 3.0;
				TEST_TARGET_NAME = Example;
			};
			name = Release;
		};
/* End XCBuildConfiguration section */

/* Begin XCConfigurationList section */
		0C7F042B1EEA35B0007C95DD /* Build configuration list for PBXProject "Kerabyte" */ = {
			isa = XCConfigurationList;
			buildConfigurations = (
				0C7F04371EEA35B0007C95DD /* Debug */,
				0C7F04381EEA35B0007C95DD /* Release */,
			);
			defaultConfigurationIsVisible = 0;
			defaultConfigurationName = Release;
		};
		0C7F04391EEA35B0007C95DD /* Build configuration list for PBXNativeTarget "Kerabyte" */ = {
			isa = XCConfigurationList;
			buildConfigurations = (
				0C7F043A1EEA35B0007C95DD /* Debug */,
				0C7F043B1EEA35B0007C95DD /* Release */,
			);
			defaultConfigurationIsVisible = 0;
			defaultConfigurationName = Release;
		};
		0C7F04881EEA3F18007C95DD /* Build configuration list for PBXNativeTarget "Example" */ = {
			isa = XCConfigurationList;
			buildConfigurations = (
				0C7F04821EEA3F18007C95DD /* Debug */,
				0C7F04831EEA3F18007C95DD /* Release */,
			);
			defaultConfigurationIsVisible = 0;
			defaultConfigurationName = Release;
		};
		0C7F04891EEA3F18007C95DD /* Build configuration list for PBXNativeTarget "ExampleTests" */ = {
			isa = XCConfigurationList;
			buildConfigurations = (
				0C7F04841EEA3F18007C95DD /* Debug */,
				0C7F04851EEA3F18007C95DD /* Release */,
			);
			defaultConfigurationIsVisible = 0;
			defaultConfigurationName = Release;
		};
		0C7F048A1EEA3F18007C95DD /* Build configuration list for PBXNativeTarget "ExampleUITests" */ = {
			isa = XCConfigurationList;
			buildConfigurations = (
				0C7F04861EEA3F18007C95DD /* Debug */,
				0C7F04871EEA3F18007C95DD /* Release */,
			);
			defaultConfigurationIsVisible = 0;
			defaultConfigurationName = Release;
		};
/* End XCConfigurationList section */
	};
	rootObject = 0C7F04281EEA35B0007C95DD /* Project object */;
}
